
Microsoft Visual Studio Solution File, Format Version 11.00
# Visual Studio 2010
Project("{FAE04EC0-301F-11D3-BF4B-00C04F79EFBC}") = "Prototype2.0", "Prototype2.0\Prototype2.0.csproj", "{22C5FD65-827C-4B0E-9F30-D12B08C39DC9}"
EndProject
Project("{2150E333-8FDC-42A3-9474-1A3956D46DE8}") = "Solution Items", "Solution Items", "{C3AADCF7-E9A7-4781-9721-C0E00F8FA8C7}"
	ProjectSection(SolutionItems) = preProject
		Local.testsettings = Local.testsettings
		Prototype2.0.vsmdi = Prototype2.0.vsmdi
		TraceAndTestImpact.testsettings = TraceAndTestImpact.testsettings
	EndProjectSection
EndProject
Project("{FAE04EC0-301F-11D3-BF4B-00C04F79EFBC}") = "UnitTest", "UnitTest\UnitTest.csproj", "{6A7A4FD5-BD37-462A-BF73-AC5037FDA642}"
EndProject
Global
	GlobalSection(TestCaseManagementSettings) = postSolution
		CategoryFile = Prototype2.0.vsmdi
	EndGlobalSection
	GlobalSection(SolutionConfigurationPlatforms) = preSolution
		Debug|Any CPU = Debug|Any CPU
		Debug|Mixed Platforms = Debug|Mixed Platforms
		Debug|x86 = Debug|x86
		Release|Any CPU = Release|Any CPU
		Release|Mixed Platforms = Release|Mixed Platforms
		Release|x86 = Release|x86
	EndGlobalSection
	GlobalSection(ProjectConfigurationPlatforms) = postSolution
		{22C5FD65-827C-4B0E-9F30-D12B08C39DC9}.Debug|Any CPU.ActiveCfg = Debug|x86
		{22C5FD65-827C-4B0E-9F30-D12B08C39DC9}.Debug|Mixed Platforms.ActiveCfg = Debug|x86
		{22C5FD65-827C-4B0E-9F30-D12B08C39DC9}.Debug|Mixed Platforms.Build.0 = Debug|x86
		{22C5FD65-827C-4B0E-9F30-D12B08C39DC9}.Debug|x86.ActiveCfg = Debug|x86
		{22C5FD65-827C-4B0E-9F30-D12B08C39DC9}.Debug|x86.Build.0 = Debug|x86
		{22C5FD65-827C-4B0E-9F30-D12B08C39DC9}.Release|Any CPU.ActiveCfg = Release|x86
		{22C5FD65-827C-4B0E-9F30-D12B08C39DC9}.Release|Mixed Platforms.ActiveCfg = Release|x86
		{22C5FD65-827C-4B0E-9F30-D12B08C39DC9}.Release|Mixed Platforms.Build.0 = Release|x86
		{22C5FD65-827C-4B0E-9F30-D12B08C39DC9}.Release|x86.ActiveCfg = Release|x86
		{22C5FD65-827C-4B0E-9F30-D12B08C39DC9}.Release|x86.Build.0 = Release|x86
		{6A7A4FD5-BD37-462A-BF73-AC5037FDA642}.Debug|Any CPU.ActiveCfg = Debug|Any CPU
		{6A7A4FD5-BD37-462A-BF73-AC5037FDA642}.Debug|Any CPU.Build.0 = Debug|Any CPU
		{6A7A4FD5-BD37-462A-BF73-AC5037FDA642}.Debug|Mixed Platforms.ActiveCfg = Debug|Any CPU
		{6A7A4FD5-BD37-462A-BF73-AC5037FDA642}.Debug|Mixed Platforms.Build.0 = Debug|Any CPU
		{6A7A4FD5-BD37-462A-BF73-AC5037FDA642}.Debug|x86.ActiveCfg = Debug|Any CPU
		{6A7A4FD5-BD37-462A-BF73-AC5037FDA642}.Release|Any CPU.ActiveCfg = Release|Any CPU
		{6A7A4FD5-BD37-462A-BF73-AC5037FDA642}.Release|Any CPU.Build.0 = Release|Any CPU
		{6A7A4FD5-BD37-462A-BF73-AC5037FDA642}.Release|Mixed Platforms.ActiveCfg = Release|Any CPU
		{6A7A4FD5-BD37-462A-BF73-AC5037FDA642}.Release|Mixed Platforms.Build.0 = Release|Any CPU
		{6A7A4FD5-BD37-462A-BF73-AC5037FDA642}.Release|x86.ActiveCfg = Release|Any CPU
	EndGlobalSection
	GlobalSection(SolutionProperties) = preSolution
		HideSolutionNode = FALSE
	EndGlobalSection
EndGlobal
